
Microsoft Visual Studio Solution File, Format Version 12.00
# Visual Studio Version 17
VisualStudioVersion = 17.12.35527.113 d17.12
MinimumVisualStudioVersion = 10.0.40219.1
Project("{8BC9CEB8-8B4A-11D0-8D11-00A0C91BC942}") = "lanqiao18165", "lanqiao18165.vcxproj", "{93DF9EE3-9D7D-43A8-A700-4637CBD50364}"
EndProject
Global
	GlobalSection(SolutionConfigurationPlatforms) = preSolution
		Debug|x64 = Debug|x64
		Debug|x86 = Debug|x86
		Release|x64 = Release|x64
		Release|x86 = Release|x86
	EndGlobalSection
	GlobalSection(ProjectConfigurationPlatforms) = postSolution
		{93DF9EE3-9D7D-43A8-A700-4637CBD50364}.Debug|x64.ActiveCfg = Debug|x64
		{93DF9EE3-9D7D-43A8-A700-4637CBD50364}.Debug|x64.Build.0 = Debug|x64
		{93DF9EE3-9D7D-43A8-A700-4637CBD50364}.Debug|x86.ActiveCfg = Debug|Win32
		{93DF9EE3-9D7D-43A8-A700-4637CBD50364}.Debug|x86.Build.0 = Debug|Win32
		{93DF9EE3-9D7D-43A8-A700-4637CBD50364}.Release|x64.ActiveCfg = Release|x64
		{93DF9EE3-9D7D-43A8-A700-4637CBD50364}.Release|x64.Build.0 = Release|x64
		{93DF9EE3-9D7D-43A8-A700-4637CBD50364}.Release|x86.ActiveCfg = Release|Win32
		{93DF9EE3-9D7D-43A8-A700-4637CBD50364}.Release|x86.Build.0 = Release|Win32
	EndGlobalSection
	GlobalSection(SolutionProperties) = preSolution
		HideSolutionNode = FALSE
	EndGlobalSection
EndGlobal
